
Microsoft Visual Studio Solution File, Format Version 12.00
# Visual Studio Version 17
VisualStudioVersion = 17.10.35004.147
MinimumVisualStudioVersion = 10.0.40219.1
Project("{FAE04EC0-301F-11D3-BF4B-00C04F79EFBC}") = "MachineVision", "MachineVision.csproj", "{D06CF8F6-153B-49BF-9917-8424B9FD2DAB}"
EndProject
Global
	GlobalSection(SolutionConfigurationPlatforms) = preSolution
		Debug|Any CPU = Debug|Any CPU
		Release|Any CPU = Release|Any CPU
	EndGlobalSection
	GlobalSection(ProjectConfigurationPlatforms) = postSolution
		{D06CF8F6-153B-49BF-9917-8424B9FD2DAB}.Debug|Any CPU.ActiveCfg = Debug|Any CPU
		{D06CF8F6-153B-49BF-9917-8424B9FD2DAB}.Debug|Any CPU.Build.0 = Debug|Any CPU
		{D06CF8F6-153B-49BF-9917-8424B9FD2DAB}.Release|Any CPU.ActiveCfg = Release|Any CPU
		{D06CF8F6-153B-49BF-9917-8424B9FD2DAB}.Release|Any CPU.Build.0 = Release|Any CPU
	EndGlobalSection
	GlobalSection(SolutionProperties) = preSolution
		HideSolutionNode = FALSE
	EndGlobalSection
	GlobalSection(ExtensibilityGlobals) = postSolution
		SolutionGuid = {40B36B7C-BBB2-400C-B4D8-3EC68E7D5BB4}
	EndGlobalSection
EndGlobal
